// !$*UTF8*$!
{
	archiveVersion = 1;
	classes = {
	};
	objectVersion = 56;
	objects = {

/* Begin PBXBuildFile section */
		13035C492A35B5FC003A98BC /* AppDelegate.swift in Sources */ = {isa = PBXBuildFile; fileRef = 13035C482A35B5FC003A98BC /* AppDelegate.swift */; };
		13035C4B2A35B5FC003A98BC /* SceneDelegate.swift in Sources */ = {isa = PBXBuildFile; fileRef = 13035C4A2A35B5FC003A98BC /* SceneDelegate.swift */; };
		13035C4D2A35B5FC003A98BC /* MainController.swift in Sources */ = {isa = PBXBuildFile; fileRef = 13035C4C2A35B5FC003A98BC /* MainController.swift */; };
		13035C532A35B5FC003A98BC /* ReverseApp.xcdatamodeld in Sources */ = {isa = PBXBuildFile; fileRef = 13035C512A35B5FC003A98BC /* ReverseApp.xcdatamodeld */; };
		13035C552A35B5FD003A98BC /* Assets.xcassets in Resources */ = {isa = PBXBuildFile; fileRef = 13035C542A35B5FD003A98BC /* Assets.xcassets */; };
		13035C632A35B5FD003A98BC /* ReverseAppTests.swift in Sources */ = {isa = PBXBuildFile; fileRef = 13035C622A35B5FD003A98BC /* ReverseAppTests.swift */; };
		13035C6D2A35B5FD003A98BC /* ReverseAppUITests.swift in Sources */ = {isa = PBXBuildFile; fileRef = 13035C6C2A35B5FD003A98BC /* ReverseAppUITests.swift */; };
		13035C6F2A35B5FD003A98BC /* ReverseAppUITestsLaunchTests.swift in Sources */ = {isa = PBXBuildFile; fileRef = 13035C6E2A35B5FD003A98BC /* ReverseAppUITestsLaunchTests.swift */; };
		13035C7F2A35BC60003A98BC /* UIFont+CustomFonts.swift in Sources */ = {isa = PBXBuildFile; fileRef = 13035C7E2A35BC60003A98BC /* UIFont+CustomFonts.swift */; };
		13035C812A35BC80003A98BC /* ReverseManager.swift in Sources */ = {isa = PBXBuildFile; fileRef = 13035C802A35BC80003A98BC /* ReverseManager.swift */; };
		13AE65182A3A627E007F275E /* AppState+Equatable.swift in Sources */ = {isa = PBXBuildFile; fileRef = 13AE65172A3A627E007F275E /* AppState+Equatable.swift */; };
		13AE651A2A3A7BCA007F275E /* Main.storyboard in Resources */ = {isa = PBXBuildFile; fileRef = 13AE65192A3A7BCA007F275E /* Main.storyboard */; };
		13CA3DA12A35BF4D009CC053 /* Roboto-Bold.ttf in Resources */ = {isa = PBXBuildFile; fileRef = 13CA3D9F2A35BF4D009CC053 /* Roboto-Bold.ttf */; };
		13CA3DA22A35BF4D009CC053 /* Roboto-Regular.ttf in Resources */ = {isa = PBXBuildFile; fileRef = 13CA3DA02A35BF4D009CC053 /* Roboto-Regular.ttf */; };
		13CA3DA62A35BF63009CC053 /* LaunchScreen.storyboard in Resources */ = {isa = PBXBuildFile; fileRef = 13CA3DA42A35BF63009CC053 /* LaunchScreen.storyboard */; };
		147EEBE5BF4A239795709312 /* Pods_ReverseAppTests.framework in Frameworks */ = {isa = PBXBuildFile; fileRef = D27B9D79C1A79670314E202E /* Pods_ReverseAppTests.framework */; };
		2989E5E1C59E2E1998A8AC79 /* Pods_ReverseApp_ReverseAppUITests.framework in Frameworks */ = {isa = PBXBuildFile; fileRef = 8D6FC691523FD92061324093 /* Pods_ReverseApp_ReverseAppUITests.framework */; };
		DC82078DF60A9827FF713FF8 /* Pods_ReverseApp.framework in Frameworks */ = {isa = PBXBuildFile; fileRef = 32DE44FF7B1EB8E541B6F456 /* Pods_ReverseApp.framework */; };
/* End PBXBuildFile section */

/* Begin PBXContainerItemProxy section */
		13035C5F2A35B5FD003A98BC /* PBXContainerItemProxy */ = {
			isa = PBXContainerItemProxy;
			containerPortal = 13035C3D2A35B5FC003A98BC /* Project object */;
			proxyType = 1;
			remoteGlobalIDString = 13035C442A35B5FC003A98BC;
			remoteInfo = ReverseApp;
		};
		13035C692A35B5FD003A98BC /* PBXContainerItemProxy */ = {
			isa = PBXContainerItemProxy;
			containerPortal = 13035C3D2A35B5FC003A98BC /* Project object */;
			proxyType = 1;
			remoteGlobalIDString = 13035C442A35B5FC003A98BC;
			remoteInfo = ReverseApp;
		};
/* End PBXContainerItemProxy section */

/* Begin PBXFileReference section */
		13035C452A35B5FC003A98BC /* ReverseApp.app */ = {isa = PBXFileReference; explicitFileType = wrapper.application; includeInIndex = 0; path = ReverseApp.app; sourceTree = BUILT_PRODUCTS_DIR; };
		13035C482A35B5FC003A98BC /* AppDelegate.swift */ = {isa = PBXFileReference; lastKnownFileType = sourcecode.swift; path = AppDelegate.swift; sourceTree = "<group>"; };
		13035C4A2A35B5FC003A98BC /* SceneDelegate.swift */ = {isa = PBXFileReference; lastKnownFileType = sourcecode.swift; path = SceneDelegate.swift; sourceTree = "<group>"; };
		13035C4C2A35B5FC003A98BC /* MainController.swift */ = {isa = PBXFileReference; lastKnownFileType = sourcecode.swift; path = MainController.swift; sourceTree = "<group>"; };
		13035C522A35B5FC003A98BC /* ReverseApp.xcdatamodel */ = {isa = PBXFileReference; lastKnownFileType = wrapper.xcdatamodel; path = ReverseApp.xcdatamodel; sourceTree = "<group>"; };
		13035C542A35B5FD003A98BC /* Assets.xcassets */ = {isa = PBXFileReference; lastKnownFileType = folder.assetcatalog; path = Assets.xcassets; sourceTree = "<group>"; };
		13035C592A35B5FD003A98BC /* Info.plist */ = {isa = PBXFileReference; lastKnownFileType = text.plist.xml; path = Info.plist; sourceTree = "<group>"; };
		13035C5E2A35B5FD003A98BC /* ReverseAppTests.xctest */ = {isa = PBXFileReference; explicitFileType = wrapper.cfbundle; includeInIndex = 0; path = ReverseAppTests.xctest; sourceTree = BUILT_PRODUCTS_DIR; };
		13035C622A35B5FD003A98BC /* ReverseAppTests.swift */ = {isa = PBXFileReference; lastKnownFileType = sourcecode.swift; path = ReverseAppTests.swift; sourceTree = "<group>"; };
		13035C682A35B5FD003A98BC /* ReverseAppUITests.xctest */ = {isa = PBXFileReference; explicitFileType = wrapper.cfbundle; includeInIndex = 0; path = ReverseAppUITests.xctest; sourceTree = BUILT_PRODUCTS_DIR; };
		13035C6C2A35B5FD003A98BC /* ReverseAppUITests.swift */ = {isa = PBXFileReference; lastKnownFileType = sourcecode.swift; path = ReverseAppUITests.swift; sourceTree = "<group>"; };
		13035C6E2A35B5FD003A98BC /* ReverseAppUITestsLaunchTests.swift */ = {isa = PBXFileReference; lastKnownFileType = sourcecode.swift; path = ReverseAppUITestsLaunchTests.swift; sourceTree = "<group>"; };
		13035C7E2A35BC60003A98BC /* UIFont+CustomFonts.swift */ = {isa = PBXFileReference; lastKnownFileType = sourcecode.swift; path = "UIFont+CustomFonts.swift"; sourceTree = "<group>"; };
		13035C802A35BC80003A98BC /* ReverseManager.swift */ = {isa = PBXFileReference; lastKnownFileType = sourcecode.swift; path = ReverseManager.swift; sourceTree = "<group>"; };
		13AE65172A3A627E007F275E /* AppState+Equatable.swift */ = {isa = PBXFileReference; lastKnownFileType = sourcecode.swift; path = "AppState+Equatable.swift"; sourceTree = "<group>"; };
		13AE65192A3A7BCA007F275E /* Main.storyboard */ = {isa = PBXFileReference; fileEncoding = 4; lastKnownFileType = file.storyboard; name = Main.storyboard; path = ../../../../Archive/ReverseApp/ReverseApp/Resources/Main.storyboard; sourceTree = "<group>"; };
		13CA3D9F2A35BF4D009CC053 /* Roboto-Bold.ttf */ = {isa = PBXFileReference; lastKnownFileType = file; path = "Roboto-Bold.ttf"; sourceTree = "<group>"; };
		13CA3DA02A35BF4D009CC053 /* Roboto-Regular.ttf */ = {isa = PBXFileReference; lastKnownFileType = file; path = "Roboto-Regular.ttf"; sourceTree = "<group>"; };
		13CA3DA42A35BF63009CC053 /* LaunchScreen.storyboard */ = {isa = PBXFileReference; fileEncoding = 4; lastKnownFileType = file.storyboard; path = LaunchScreen.storyboard; sourceTree = "<group>"; };
		32DE44FF7B1EB8E541B6F456 /* Pods_ReverseApp.framework */ = {isa = PBXFileReference; explicitFileType = wrapper.framework; includeInIndex = 0; path = Pods_ReverseApp.framework; sourceTree = BUILT_PRODUCTS_DIR; };
		46F89EC138BF898F9066854F /* Pods-ReverseApp-ReverseAppUITests.release.xcconfig */ = {isa = PBXFileReference; includeInIndex = 1; lastKnownFileType = text.xcconfig; name = "Pods-ReverseApp-ReverseAppUITests.release.xcconfig"; path = "Target Support Files/Pods-ReverseApp-ReverseAppUITests/Pods-ReverseApp-ReverseAppUITests.release.xcconfig"; sourceTree = "<group>"; };
		8D6FC691523FD92061324093 /* Pods_ReverseApp_ReverseAppUITests.framework */ = {isa = PBXFileReference; explicitFileType = wrapper.framework; includeInIndex = 0; path = Pods_ReverseApp_ReverseAppUITests.framework; sourceTree = BUILT_PRODUCTS_DIR; };
		A16267270EF17A546198B940 /* Pods-ReverseApp-ReverseAppUITests.debug.xcconfig */ = {isa = PBXFileReference; includeInIndex = 1; lastKnownFileType = text.xcconfig; name = "Pods-ReverseApp-ReverseAppUITests.debug.xcconfig"; path = "Target Support Files/Pods-ReverseApp-ReverseAppUITests/Pods-ReverseApp-ReverseAppUITests.debug.xcconfig"; sourceTree = "<group>"; };
		AD569A6E92B95E6967752D14 /* Pods-ReverseApp.release.xcconfig */ = {isa = PBXFileReference; includeInIndex = 1; lastKnownFileType = text.xcconfig; name = "Pods-ReverseApp.release.xcconfig"; path = "Target Support Files/Pods-ReverseApp/Pods-ReverseApp.release.xcconfig"; sourceTree = "<group>"; };
		D27B9D79C1A79670314E202E /* Pods_ReverseAppTests.framework */ = {isa = PBXFileReference; explicitFileType = wrapper.framework; includeInIndex = 0; path = Pods_ReverseAppTests.framework; sourceTree = BUILT_PRODUCTS_DIR; };
		D998747A37ACEFC6AA3FA39E /* Pods-ReverseAppTests.debug.xcconfig */ = {isa = PBXFileReference; includeInIndex = 1; lastKnownFileType = text.xcconfig; name = "Pods-ReverseAppTests.debug.xcconfig"; path = "Target Support Files/Pods-ReverseAppTests/Pods-ReverseAppTests.debug.xcconfig"; sourceTree = "<group>"; };
		E8F7184D6E3CA970BF92C393 /* Pods-ReverseApp.debug.xcconfig */ = {isa = PBXFileReference; includeInIndex = 1; lastKnownFileType = text.xcconfig; name = "Pods-ReverseApp.debug.xcconfig"; path = "Target Support Files/Pods-ReverseApp/Pods-ReverseApp.debug.xcconfig"; sourceTree = "<group>"; };
		EF1036F5DADD7E703A534CF5 /* Pods-ReverseAppTests.release.xcconfig */ = {isa = PBXFileReference; includeInIndex = 1; lastKnownFileType = text.xcconfig; name = "Pods-ReverseAppTests.release.xcconfig"; path = "Target Support Files/Pods-ReverseAppTests/Pods-ReverseAppTests.release.xcconfig"; sourceTree = "<group>"; };
/* End PBXFileReference section */

/* Begin PBXFrameworksBuildPhase section */
		13035C422A35B5FC003A98BC /* Frameworks */ = {
			isa = PBXFrameworksBuildPhase;
			buildActionMask = 2147483647;
			files = (
				DC82078DF60A9827FF713FF8 /* Pods_ReverseApp.framework in Frameworks */,
			);
			runOnlyForDeploymentPostprocessing = 0;
		};
		13035C5B2A35B5FD003A98BC /* Frameworks */ = {
			isa = PBXFrameworksBuildPhase;
			buildActionMask = 2147483647;
			files = (
				147EEBE5BF4A239795709312 /* Pods_ReverseAppTests.framework in Frameworks */,
			);
			runOnlyForDeploymentPostprocessing = 0;
		};
		13035C652A35B5FD003A98BC /* Frameworks */ = {
			isa = PBXFrameworksBuildPhase;
			buildActionMask = 2147483647;
			files = (
				2989E5E1C59E2E1998A8AC79 /* Pods_ReverseApp_ReverseAppUITests.framework in Frameworks */,
			);
			runOnlyForDeploymentPostprocessing = 0;
		};
/* End PBXFrameworksBuildPhase section */

/* Begin PBXGroup section */
		02FE84071AA847500E182E6C /* Pods */ = {
			isa = PBXGroup;
			children = (
				E8F7184D6E3CA970BF92C393 /* Pods-ReverseApp.debug.xcconfig */,
				AD569A6E92B95E6967752D14 /* Pods-ReverseApp.release.xcconfig */,
				A16267270EF17A546198B940 /* Pods-ReverseApp-ReverseAppUITests.debug.xcconfig */,
				46F89EC138BF898F9066854F /* Pods-ReverseApp-ReverseAppUITests.release.xcconfig */,
				D998747A37ACEFC6AA3FA39E /* Pods-ReverseAppTests.debug.xcconfig */,
				EF1036F5DADD7E703A534CF5 /* Pods-ReverseAppTests.release.xcconfig */,
			);
			path = Pods;
			sourceTree = "<group>";
		};
		13035C3C2A35B5FC003A98BC = {
			isa = PBXGroup;
			children = (
				13035C472A35B5FC003A98BC /* ReverseApp */,
				13035C612A35B5FD003A98BC /* ReverseAppTests */,
				13035C6B2A35B5FD003A98BC /* ReverseAppUITests */,
				13035C462A35B5FC003A98BC /* Products */,
				02FE84071AA847500E182E6C /* Pods */,
				2D42EEDA4D585258EE0B019C /* Frameworks */,
			);
			sourceTree = "<group>";
		};
		13035C462A35B5FC003A98BC /* Products */ = {
			isa = PBXGroup;
			children = (
				13035C452A35B5FC003A98BC /* ReverseApp.app */,
				13035C5E2A35B5FD003A98BC /* ReverseAppTests.xctest */,
				13035C682A35B5FD003A98BC /* ReverseAppUITests.xctest */,
			);
			name = Products;
			sourceTree = "<group>";
		};
		13035C472A35B5FC003A98BC /* ReverseApp */ = {
			isa = PBXGroup;
			children = (
				13035C832A35BCBD003A98BC /* Resources */,
				13035C822A35BC9D003A98BC /* Main */,
				13035C7C2A35BC30003A98BC /* Core */,
				13035C7B2A35BBF1003A98BC /* Application */,
			);
			path = ReverseApp;
			sourceTree = "<group>";
		};
		13035C612A35B5FD003A98BC /* ReverseAppTests */ = {
			isa = PBXGroup;
			children = (
				13035C622A35B5FD003A98BC /* ReverseAppTests.swift */,
			);
			path = ReverseAppTests;
			sourceTree = "<group>";
		};
		13035C6B2A35B5FD003A98BC /* ReverseAppUITests */ = {
			isa = PBXGroup;
			children = (
				13035C6C2A35B5FD003A98BC /* ReverseAppUITests.swift */,
				13035C6E2A35B5FD003A98BC /* ReverseAppUITestsLaunchTests.swift */,
			);
			path = ReverseAppUITests;
			sourceTree = "<group>";
		};
		13035C7B2A35BBF1003A98BC /* Application */ = {
			isa = PBXGroup;
			children = (
				13035C4A2A35B5FC003A98BC /* SceneDelegate.swift */,
				13035C482A35B5FC003A98BC /* AppDelegate.swift */,
			);
			path = Application;
			sourceTree = "<group>";
		};
		13035C7C2A35BC30003A98BC /* Core */ = {
			isa = PBXGroup;
			children = (
				13035C7D2A35BC3F003A98BC /* Extensions */,
				13035C802A35BC80003A98BC /* ReverseManager.swift */,
			);
			path = Core;
			sourceTree = "<group>";
		};
		13035C7D2A35BC3F003A98BC /* Extensions */ = {
			isa = PBXGroup;
			children = (
				13035C7E2A35BC60003A98BC /* UIFont+CustomFonts.swift */,
				13AE65172A3A627E007F275E /* AppState+Equatable.swift */,
			);
			path = Extensions;
			sourceTree = "<group>";
		};
		13035C822A35BC9D003A98BC /* Main */ = {
			isa = PBXGroup;
			children = (
				13035C4C2A35B5FC003A98BC /* MainController.swift */,
			);
			path = Main;
			sourceTree = "<group>";
		};
		13035C832A35BCBD003A98BC /* Resources */ = {
			isa = PBXGroup;
			children = (
				13AE65192A3A7BCA007F275E /* Main.storyboard */,
				13CA3DA42A35BF63009CC053 /* LaunchScreen.storyboard */,
				13B4E1012A35BD78004D3399 /* Fonts */,
				13035C512A35B5FC003A98BC /* ReverseApp.xcdatamodeld */,
				13035C592A35B5FD003A98BC /* Info.plist */,
				13035C542A35B5FD003A98BC /* Assets.xcassets */,
			);
			path = Resources;
			sourceTree = "<group>";
		};
		13B4E1012A35BD78004D3399 /* Fonts */ = {
			isa = PBXGroup;
			children = (
				13CA3D9F2A35BF4D009CC053 /* Roboto-Bold.ttf */,
				13CA3DA02A35BF4D009CC053 /* Roboto-Regular.ttf */,
			);
			path = Fonts;
			sourceTree = "<group>";
		};
		2D42EEDA4D585258EE0B019C /* Frameworks */ = {
			isa = PBXGroup;
			children = (
				32DE44FF7B1EB8E541B6F456 /* Pods_ReverseApp.framework */,
				8D6FC691523FD92061324093 /* Pods_ReverseApp_ReverseAppUITests.framework */,
				D27B9D79C1A79670314E202E /* Pods_ReverseAppTests.framework */,
			);
			name = Frameworks;
			sourceTree = "<group>";
		};
/* End PBXGroup section */

/* Begin PBXNativeTarget section */
		13035C442A35B5FC003A98BC /* ReverseApp */ = {
			isa = PBXNativeTarget;
			buildConfigurationList = 13035C722A35B5FD003A98BC /* Build configuration list for PBXNativeTarget "ReverseApp" */;
			buildPhases = (
				A01B9D2C22F9215F76C190E2 /* [CP] Check Pods Manifest.lock */,
				13035C412A35B5FC003A98BC /* Sources */,
				13035C422A35B5FC003A98BC /* Frameworks */,
				13035C432A35B5FC003A98BC /* Resources */,
				C6879FCB1DB2BF793D89E2D6 /* [CP] Embed Pods Frameworks */,
			);
			buildRules = (
			);
			dependencies = (
			);
			name = ReverseApp;
			productName = ReverseApp;
			productReference = 13035C452A35B5FC003A98BC /* ReverseApp.app */;
			productType = "com.apple.product-type.application";
		};
		13035C5D2A35B5FD003A98BC /* ReverseAppTests */ = {
			isa = PBXNativeTarget;
			buildConfigurationList = 13035C752A35B5FD003A98BC /* Build configuration list for PBXNativeTarget "ReverseAppTests" */;
			buildPhases = (
				DA4D24EB796A5C8C268A22D5 /* [CP] Check Pods Manifest.lock */,
				13035C5A2A35B5FD003A98BC /* Sources */,
				13035C5B2A35B5FD003A98BC /* Frameworks */,
				13035C5C2A35B5FD003A98BC /* Resources */,
			);
			buildRules = (
			);
			dependencies = (
				13035C602A35B5FD003A98BC /* PBXTargetDependency */,
			);
			name = ReverseAppTests;
			productName = ReverseAppTests;
			productReference = 13035C5E2A35B5FD003A98BC /* ReverseAppTests.xctest */;
			productType = "com.apple.product-type.bundle.unit-test";
		};
		13035C672A35B5FD003A98BC /* ReverseAppUITests */ = {
			isa = PBXNativeTarget;
			buildConfigurationList = 13035C782A35B5FD003A98BC /* Build configuration list for PBXNativeTarget "ReverseAppUITests" */;
			buildPhases = (
				ADB92C62681B227BFB11F94D /* [CP] Check Pods Manifest.lock */,
				13035C642A35B5FD003A98BC /* Sources */,
				13035C652A35B5FD003A98BC /* Frameworks */,
				13035C662A35B5FD003A98BC /* Resources */,
				820492A3684F74D0192FDD6E /* [CP] Embed Pods Frameworks */,
			);
			buildRules = (
			);
			dependencies = (
				13035C6A2A35B5FD003A98BC /* PBXTargetDependency */,
			);
			name = ReverseAppUITests;
			productName = ReverseAppUITests;
			productReference = 13035C682A35B5FD003A98BC /* ReverseAppUITests.xctest */;
			productType = "com.apple.product-type.bundle.ui-testing";
		};
/* End PBXNativeTarget section */

/* Begin PBXProject section */
		13035C3D2A35B5FC003A98BC /* Project object */ = {
			isa = PBXProject;
			attributes = {
				BuildIndependentTargetsInParallel = 1;
				LastSwiftUpdateCheck = 1430;
				LastUpgradeCheck = 1430;
				TargetAttributes = {
					13035C442A35B5FC003A98BC = {
						CreatedOnToolsVersion = 14.3.1;
					};
					13035C5D2A35B5FD003A98BC = {
						CreatedOnToolsVersion = 14.3.1;
						TestTargetID = 13035C442A35B5FC003A98BC;
					};
					13035C672A35B5FD003A98BC = {
						CreatedOnToolsVersion = 14.3.1;
						TestTargetID = 13035C442A35B5FC003A98BC;
					};
				};
			};
			buildConfigurationList = 13035C402A35B5FC003A98BC /* Build configuration list for PBXProject "ReverseApp" */;
			compatibilityVersion = "Xcode 14.0";
			developmentRegion = en;
			hasScannedForEncodings = 0;
			knownRegions = (
				en,
				Base,
			);
			mainGroup = 13035C3C2A35B5FC003A98BC;
			productRefGroup = 13035C462A35B5FC003A98BC /* Products */;
			projectDirPath = "";
			projectRoot = "";
			targets = (
				13035C442A35B5FC003A98BC /* ReverseApp */,
				13035C5D2A35B5FD003A98BC /* ReverseAppTests */,
				13035C672A35B5FD003A98BC /* ReverseAppUITests */,
			);
		};
/* End PBXProject section */

/* Begin PBXResourcesBuildPhase section */
		13035C432A35B5FC003A98BC /* Resources */ = {
			isa = PBXResourcesBuildPhase;
			buildActionMask = 2147483647;
			files = (
				13CA3DA22A35BF4D009CC053 /* Roboto-Regular.ttf in Resources */,
				13AE651A2A3A7BCA007F275E /* Main.storyboard in Resources */,
				13CA3DA12A35BF4D009CC053 /* Roboto-Bold.ttf in Resources */,
				13035C552A35B5FD003A98BC /* Assets.xcassets in Resources */,
				13CA3DA62A35BF63009CC053 /* LaunchScreen.storyboard in Resources */,
			);
			runOnlyForDeploymentPostprocessing = 0;
		};
		13035C5C2A35B5FD003A98BC /* Resources */ = {
			isa = PBXResourcesBuildPhase;
			buildActionMask = 2147483647;
			files = (
			);
			runOnlyForDeploymentPostprocessing = 0;
		};
		13035C662A35B5FD003A98BC /* Resources */ = {
			isa = PBXResourcesBuildPhase;
			buildActionMask = 2147483647;
			files = (
			);
			runOnlyForDeploymentPostprocessing = 0;
		};
/* End PBXResourcesBuildPhase section */

/* Begin PBXShellScriptBuildPhase section */
		820492A3684F74D0192FDD6E /* [CP] Embed Pods Frameworks */ = {
			isa = PBXShellScriptBuildPhase;
			buildActionMask = 2147483647;
			files = (
			);
			inputFileListPaths = (
				"${PODS_ROOT}/Target Support Files/Pods-ReverseApp-ReverseAppUITests/Pods-ReverseApp-ReverseAppUITests-frameworks-${CONFIGURATION}-input-files.xcfilelist",
			);
			name = "[CP] Embed Pods Frameworks";
			outputFileListPaths = (
				"${PODS_ROOT}/Target Support Files/Pods-ReverseApp-ReverseAppUITests/Pods-ReverseApp-ReverseAppUITests-frameworks-${CONFIGURATION}-output-files.xcfilelist",
			);
			runOnlyForDeploymentPostprocessing = 0;
			shellPath = /bin/sh;
			shellScript = "\"${PODS_ROOT}/Target Support Files/Pods-ReverseApp-ReverseAppUITests/Pods-ReverseApp-ReverseAppUITests-frameworks.sh\"\n";
			showEnvVarsInLog = 0;
		};
		A01B9D2C22F9215F76C190E2 /* [CP] Check Pods Manifest.lock */ = {
			isa = PBXShellScriptBuildPhase;
			buildActionMask = 2147483647;
			files = (
			);
			inputFileListPaths = (
			);
			inputPaths = (
				"${PODS_PODFILE_DIR_PATH}/Podfile.lock",
				"${PODS_ROOT}/Manifest.lock",
			);
			name = "[CP] Check Pods Manifest.lock";
			outputFileListPaths = (
			);
			outputPaths = (
				"$(DERIVED_FILE_DIR)/Pods-ReverseApp-checkManifestLockResult.txt",
			);
			runOnlyForDeploymentPostprocessing = 0;
			shellPath = /bin/sh;
			shellScript = "diff \"${PODS_PODFILE_DIR_PATH}/Podfile.lock\" \"${PODS_ROOT}/Manifest.lock\" > /dev/null\nif [ $? != 0 ] ; then\n    # print error to STDERR\n    echo \"error: The sandbox is not in sync with the Podfile.lock. Run 'pod install' or update your CocoaPods installation.\" >&2\n    exit 1\nfi\n# This output is used by Xcode 'outputs' to avoid re-running this script phase.\necho \"SUCCESS\" > \"${SCRIPT_OUTPUT_FILE_0}\"\n";
			showEnvVarsInLog = 0;
		};
		ADB92C62681B227BFB11F94D /* [CP] Check Pods Manifest.lock */ = {
			isa = PBXShellScriptBuildPhase;
			buildActionMask = 2147483647;
			files = (
			);
			inputFileListPaths = (
			);
			inputPaths = (
				"${PODS_PODFILE_DIR_PATH}/Podfile.lock",
				"${PODS_ROOT}/Manifest.lock",
			);
			name = "[CP] Check Pods Manifest.lock";
			outputFileListPaths = (
			);
			outputPaths = (
				"$(DERIVED_FILE_DIR)/Pods-ReverseApp-ReverseAppUITests-checkManifestLockResult.txt",
			);
			runOnlyForDeploymentPostprocessing = 0;
			shellPath = /bin/sh;
			shellScript = "diff \"${PODS_PODFILE_DIR_PATH}/Podfile.lock\" \"${PODS_ROOT}/Manifest.lock\" > /dev/null\nif [ $? != 0 ] ; then\n    # print error to STDERR\n    echo \"error: The sandbox is not in sync with the Podfile.lock. Run 'pod install' or update your CocoaPods installation.\" >&2\n    exit 1\nfi\n# This output is used by Xcode 'outputs' to avoid re-running this script phase.\necho \"SUCCESS\" > \"${SCRIPT_OUTPUT_FILE_0}\"\n";
			showEnvVarsInLog = 0;
		};
		C6879FCB1DB2BF793D89E2D6 /* [CP] Embed Pods Frameworks */ = {
			isa = PBXShellScriptBuildPhase;
			buildActionMask = 2147483647;
			files = (
			);
			inputFileListPaths = (
				"${PODS_ROOT}/Target Support Files/Pods-ReverseApp/Pods-ReverseApp-frameworks-${CONFIGURATION}-input-files.xcfilelist",
			);
			name = "[CP] Embed Pods Frameworks";
			outputFileListPaths = (
				"${PODS_ROOT}/Target Support Files/Pods-ReverseApp/Pods-ReverseApp-frameworks-${CONFIGURATION}-output-files.xcfilelist",
			);
			runOnlyForDeploymentPostprocessing = 0;
			shellPath = /bin/sh;
			shellScript = "\"${PODS_ROOT}/Target Support Files/Pods-ReverseApp/Pods-ReverseApp-frameworks.sh\"\n";
			showEnvVarsInLog = 0;
		};
		DA4D24EB796A5C8C268A22D5 /* [CP] Check Pods Manifest.lock */ = {
			isa = PBXShellScriptBuildPhase;
			buildActionMask = 2147483647;
			files = (
			);
			inputFileListPaths = (
			);
			inputPaths = (
				"${PODS_PODFILE_DIR_PATH}/Podfile.lock",
				"${PODS_ROOT}/Manifest.lock",
			);
			name = "[CP] Check Pods Manifest.lock";
			outputFileListPaths = (
			);
			outputPaths = (
				"$(DERIVED_FILE_DIR)/Pods-ReverseAppTests-checkManifestLockResult.txt",
			);
			runOnlyForDeploymentPostprocessing = 0;
			shellPath = /bin/sh;
			shellScript = "diff \"${PODS_PODFILE_DIR_PATH}/Podfile.lock\" \"${PODS_ROOT}/Manifest.lock\" > /dev/null\nif [ $? != 0 ] ; then\n    # print error to STDERR\n    echo \"error: The sandbox is not in sync with the Podfile.lock. Run 'pod install' or update your CocoaPods installation.\" >&2\n    exit 1\nfi\n# This output is used by Xcode 'outputs' to avoid re-running this script phase.\necho \"SUCCESS\" > \"${SCRIPT_OUTPUT_FILE_0}\"\n";
			showEnvVarsInLog = 0;
		};
/* End PBXShellScriptBuildPhase section */

/* Begin PBXSourcesBuildPhase section */
		13035C412A35B5FC003A98BC /* Sources */ = {
			isa = PBXSourcesBuildPhase;
			buildActionMask = 2147483647;
			files = (
				13035C532A35B5FC003A98BC /* ReverseApp.xcdatamodeld in Sources */,
				13035C7F2A35BC60003A98BC /* UIFont+CustomFonts.swift in Sources */,
				13035C4D2A35B5FC003A98BC /* MainController.swift in Sources */,
				13035C492A35B5FC003A98BC /* AppDelegate.swift in Sources */,
				13035C812A35BC80003A98BC /* ReverseManager.swift in Sources */,
				13035C4B2A35B5FC003A98BC /* SceneDelegate.swift in Sources */,
				13AE65182A3A627E007F275E /* AppState+Equatable.swift in Sources */,
			);
			runOnlyForDeploymentPostprocessing = 0;
		};
		13035C5A2A35B5FD003A98BC /* Sources */ = {
			isa = PBXSourcesBuildPhase;
			buildActionMask = 2147483647;
			files = (
				13035C632A35B5FD003A98BC /* ReverseAppTests.swift in Sources */,
			);
			runOnlyForDeploymentPostprocessing = 0;
		};
		13035C642A35B5FD003A98BC /* Sources */ = {
			isa = PBXSourcesBuildPhase;
			buildActionMask = 2147483647;
			files = (
				13035C6D2A35B5FD003A98BC /* ReverseAppUITests.swift in Sources */,
				13035C6F2A35B5FD003A98BC /* ReverseAppUITestsLaunchTests.swift in Sources */,
			);
			runOnlyForDeploymentPostprocessing = 0;
		};
/* End PBXSourcesBuildPhase section */

/* Begin PBXTargetDependency section */
		13035C602A35B5FD003A98BC /* PBXTargetDependency */ = {
			isa = PBXTargetDependency;
			target = 13035C442A35B5FC003A98BC /* ReverseApp */;
			targetProxy = 13035C5F2A35B5FD003A98BC /* PBXContainerItemProxy */;
		};
		13035C6A2A35B5FD003A98BC /* PBXTargetDependency */ = {
			isa = PBXTargetDependency;
			target = 13035C442A35B5FC003A98BC /* ReverseApp */;
			targetProxy = 13035C692A35B5FD003A98BC /* PBXContainerItemProxy */;
		};
/* End PBXTargetDependency section */

/* Begin XCBuildConfiguration section */
		13035C702A35B5FD003A98BC /* Debug */ = {
			isa = XCBuildConfiguration;
			buildSettings = {
				ALWAYS_SEARCH_USER_PATHS = NO;
				CLANG_ANALYZER_NONNULL = YES;
				CLANG_ANALYZER_NUMBER_OBJECT_CONVERSION = YES_AGGRESSIVE;
				CLANG_CXX_LANGUAGE_STANDARD = "gnu++20";
				CLANG_ENABLE_MODULES = YES;
				CLANG_ENABLE_OBJC_ARC = YES;
				CLANG_ENABLE_OBJC_WEAK = YES;
				CLANG_WARN_BLOCK_CAPTURE_AUTORELEASING = YES;
				CLANG_WARN_BOOL_CONVERSION = YES;
				CLANG_WARN_COMMA = YES;
				CLANG_WARN_CONSTANT_CONVERSION = YES;
				CLANG_WARN_DEPRECATED_OBJC_IMPLEMENTATIONS = YES;
				CLANG_WARN_DIRECT_OBJC_ISA_USAGE = YES_ERROR;
				CLANG_WARN_DOCUMENTATION_COMMENTS = YES;
				CLANG_WARN_EMPTY_BODY = YES;
				CLANG_WARN_ENUM_CONVERSION = YES;
				CLANG_WARN_INFINITE_RECURSION = YES;
				CLANG_WARN_INT_CONVERSION = YES;
				CLANG_WARN_NON_LITERAL_NULL_CONVERSION = YES;
				CLANG_WARN_OBJC_IMPLICIT_RETAIN_SELF = YES;
				CLANG_WARN_OBJC_LITERAL_CONVERSION = YES;
				CLANG_WARN_OBJC_ROOT_CLASS = YES_ERROR;
				CLANG_WARN_QUOTED_INCLUDE_IN_FRAMEWORK_HEADER = YES;
				CLANG_WARN_RANGE_LOOP_ANALYSIS = YES;
				CLANG_WARN_STRICT_PROTOTYPES = YES;
				CLANG_WARN_SUSPICIOUS_MOVE = YES;
				CLANG_WARN_UNGUARDED_AVAILABILITY = YES_AGGRESSIVE;
				CLANG_WARN_UNREACHABLE_CODE = YES;
				CLANG_WARN__DUPLICATE_METHOD_MATCH = YES;
				COPY_PHASE_STRIP = NO;
				DEBUG_INFORMATION_FORMAT = dwarf;
				ENABLE_STRICT_OBJC_MSGSEND = YES;
				ENABLE_TESTABILITY = YES;
				GCC_C_LANGUAGE_STANDARD = gnu11;
				GCC_DYNAMIC_NO_PIC = NO;
				GCC_NO_COMMON_BLOCKS = YES;
				GCC_OPTIMIZATION_LEVEL = 0;
				GCC_PREPROCESSOR_DEFINITIONS = (
					"DEBUG=1",
					"$(inherited)",
				);
				GCC_WARN_64_TO_32_BIT_CONVERSION = YES;
				GCC_WARN_ABOUT_RETURN_TYPE = YES_ERROR;
				GCC_WARN_UNDECLARED_SELECTOR = YES;
				GCC_WARN_UNINITIALIZED_AUTOS = YES_AGGRESSIVE;
				GCC_WARN_UNUSED_FUNCTION = YES;
				GCC_WARN_UNUSED_VARIABLE = YES;
				IPHONEOS_DEPLOYMENT_TARGET = 16.4;
				MTL_ENABLE_DEBUG_INFO = INCLUDE_SOURCE;
				MTL_FAST_MATH = YES;
				ONLY_ACTIVE_ARCH = YES;
				SDKROOT = iphoneos;
				SWIFT_ACTIVE_COMPILATION_CONDITIONS = DEBUG;
				SWIFT_OPTIMIZATION_LEVEL = "-Onone";
			};
			name = Debug;
		};
		13035C712A35B5FD003A98BC /* Release */ = {
			isa = XCBuildConfiguration;
			buildSettings = {
				ALWAYS_SEARCH_USER_PATHS = NO;
				CLANG_ANALYZER_NONNULL = YES;
				CLANG_ANALYZER_NUMBER_OBJECT_CONVERSION = YES_AGGRESSIVE;
				CLANG_CXX_LANGUAGE_STANDARD = "gnu++20";
				CLANG_ENABLE_MODULES = YES;
				CLANG_ENABLE_OBJC_ARC = YES;
				CLANG_ENABLE_OBJC_WEAK = YES;
				CLANG_WARN_BLOCK_CAPTURE_AUTORELEASING = YES;
				CLANG_WARN_BOOL_CONVERSION = YES;
				CLANG_WARN_COMMA = YES;
				CLANG_WARN_CONSTANT_CONVERSION = YES;
				CLANG_WARN_DEPRECATED_OBJC_IMPLEMENTATIONS = YES;
				CLANG_WARN_DIRECT_OBJC_ISA_USAGE = YES_ERROR;
				CLANG_WARN_DOCUMENTATION_COMMENTS = YES;
				CLANG_WARN_EMPTY_BODY = YES;
				CLANG_WARN_ENUM_CONVERSION = YES;
				CLANG_WARN_INFINITE_RECURSION = YES;
				CLANG_WARN_INT_CONVERSION = YES;
				CLANG_WARN_NON_LITERAL_NULL_CONVERSION = YES;
				CLANG_WARN_OBJC_IMPLICIT_RETAIN_SELF = YES;
				CLANG_WARN_OBJC_LITERAL_CONVERSION = YES;
				CLANG_WARN_OBJC_ROOT_CLASS = YES_ERROR;
				CLANG_WARN_QUOTED_INCLUDE_IN_FRAMEWORK_HEADER = YES;
				CLANG_WARN_RANGE_LOOP_ANALYSIS = YES;
				CLANG_WARN_STRICT_PROTOTYPES = YES;
				CLANG_WARN_SUSPICIOUS_MOVE = YES;
				CLANG_WARN_UNGUARDED_AVAILABILITY = YES_AGGRESSIVE;
				CLANG_WARN_UNREACHABLE_CODE = YES;
				CLANG_WARN__DUPLICATE_METHOD_MATCH = YES;
				COPY_PHASE_STRIP = NO;
				DEBUG_INFORMATION_FORMAT = "dwarf-with-dsym";
				ENABLE_NS_ASSERTIONS = NO;
				ENABLE_STRICT_OBJC_MSGSEND = YES;
				GCC_C_LANGUAGE_STANDARD = gnu11;
				GCC_NO_COMMON_BLOCKS = YES;
				GCC_WARN_64_TO_32_BIT_CONVERSION = YES;
				GCC_WARN_ABOUT_RETURN_TYPE = YES_ERROR;
				GCC_WARN_UNDECLARED_SELECTOR = YES;
				GCC_WARN_UNINITIALIZED_AUTOS = YES_AGGRESSIVE;
				GCC_WARN_UNUSED_FUNCTION = YES;
				GCC_WARN_UNUSED_VARIABLE = YES;
				IPHONEOS_DEPLOYMENT_TARGET = 16.4;
				MTL_ENABLE_DEBUG_INFO = NO;
				MTL_FAST_MATH = YES;
				SDKROOT = iphoneos;
				SWIFT_COMPILATION_MODE = wholemodule;
				SWIFT_OPTIMIZATION_LEVEL = "-O";
				VALIDATE_PRODUCT = YES;
			};
			name = Release;
		};
		13035C732A35B5FD003A98BC /* Debug */ = {
			isa = XCBuildConfiguration;
			baseConfigurationReference = E8F7184D6E3CA970BF92C393 /* Pods-ReverseApp.debug.xcconfig */;
			buildSettings = {
				ASSETCATALOG_COMPILER_APPICON_NAME = AppIcon;
				ASSETCATALOG_COMPILER_GLOBAL_ACCENT_COLOR_NAME = AccentColor;
				CODE_SIGN_STYLE = Automatic;
				CURRENT_PROJECT_VERSION = 1;
				GENERATE_INFOPLIST_FILE = YES;
				INFOPLIST_FILE = ReverseApp/Resources/Info.plist;
				INFOPLIST_KEY_LSApplicationCategoryType = "public.app-category.utilities";
				INFOPLIST_KEY_UIApplicationSupportsIndirectInputEvents = YES;
				INFOPLIST_KEY_UILaunchStoryboardName = LaunchScreen;
				INFOPLIST_KEY_UIMainStoryboardFile = Main;
				INFOPLIST_KEY_UISupportedInterfaceOrientations = UIInterfaceOrientationPortrait;
				INFOPLIST_KEY_UISupportedInterfaceOrientations_iPad = "UIInterfaceOrientationLandscapeLeft UIInterfaceOrientationLandscapeRight UIInterfaceOrientationPortrait UIInterfaceOrientationPortraitUpsideDown";
				LD_RUNPATH_SEARCH_PATHS = (
					"$(inherited)",
					"@executable_path/Frameworks",
				);
				MARKETING_VERSION = 1.0;
				PRODUCT_BUNDLE_IDENTIFIER = code.ReverseApp;
				PRODUCT_NAME = "$(TARGET_NAME)";
				SUPPORTED_PLATFORMS = "iphoneos iphonesimulator";
				SUPPORTS_MACCATALYST = NO;
				SUPPORTS_MAC_DESIGNED_FOR_IPHONE_IPAD = NO;
				SWIFT_EMIT_LOC_STRINGS = YES;
				SWIFT_VERSION = 5.0;
				TARGETED_DEVICE_FAMILY = 1;
			};
			name = Debug;
		};
		13035C742A35B5FD003A98BC /* Release */ = {
			isa = XCBuildConfiguration;
			baseConfigurationReference = AD569A6E92B95E6967752D14 /* Pods-ReverseApp.release.xcconfig */;
			buildSettings = {
				ASSETCATALOG_COMPILER_APPICON_NAME = AppIcon;
				ASSETCATALOG_COMPILER_GLOBAL_ACCENT_COLOR_NAME = AccentColor;
				CODE_SIGN_STYLE = Automatic;
				CURRENT_PROJECT_VERSION = 1;
				GENERATE_INFOPLIST_FILE = YES;
				INFOPLIST_FILE = ReverseApp/Resources/Info.plist;
				INFOPLIST_KEY_LSApplicationCategoryType = "public.app-category.utilities";
				INFOPLIST_KEY_UIApplicationSupportsIndirectInputEvents = YES;
				INFOPLIST_KEY_UILaunchStoryboardName = LaunchScreen;
				INFOPLIST_KEY_UIMainStoryboardFile = Main;
				INFOPLIST_KEY_UISupportedInterfaceOrientations = UIInterfaceOrientationPortrait;
				INFOPLIST_KEY_UISupportedInterfaceOrientations_iPad = "UIInterfaceOrientationLandscapeLeft UIInterfaceOrientationLandscapeRight UIInterfaceOrientationPortrait UIInterfaceOrientationPortraitUpsideDown";
				LD_RUNPATH_SEARCH_PATHS = (
					"$(inherited)",
					"@executable_path/Frameworks",
				);
				MARKETING_VERSION = 1.0;
				PRODUCT_BUNDLE_IDENTIFIER = code.ReverseApp;
				PRODUCT_NAME = "$(TARGET_NAME)";
				SUPPORTED_PLATFORMS = "iphoneos iphonesimulator";
				SUPPORTS_MACCATALYST = NO;
				SUPPORTS_MAC_DESIGNED_FOR_IPHONE_IPAD = NO;
				SWIFT_EMIT_LOC_STRINGS = YES;
				SWIFT_VERSION = 5.0;
				TARGETED_DEVICE_FAMILY = 1;
			};
			name = Release;
		};
		13035C762A35B5FD003A98BC /* Debug */ = {
			isa = XCBuildConfiguration;
			baseConfigurationReference = D998747A37ACEFC6AA3FA39E /* Pods-ReverseAppTests.debug.xcconfig */;
			buildSettings = {
				ALWAYS_EMBED_SWIFT_STANDARD_LIBRARIES = YES;
				BUNDLE_LOADER = "$(TEST_HOST)";
				CODE_SIGN_STYLE = Automatic;
				CURRENT_PROJECT_VERSION = 1;
				GENERATE_INFOPLIST_FILE = YES;
				IPHONEOS_DEPLOYMENT_TARGET = 16.4;
				MARKETING_VERSION = 1.0;
				PRODUCT_BUNDLE_IDENTIFIER = code.ReverseAppTests;
				PRODUCT_NAME = "$(TARGET_NAME)";
				SWIFT_EMIT_LOC_STRINGS = NO;
				SWIFT_VERSION = 5.0;
				TARGETED_DEVICE_FAMILY = "1,2";
				TEST_HOST = "$(BUILT_PRODUCTS_DIR)/ReverseApp.app/$(BUNDLE_EXECUTABLE_FOLDER_PATH)/ReverseApp";
			};
			name = Debug;
		};
		13035C772A35B5FD003A98BC /* Release */ = {
			isa = XCBuildConfiguration;
			baseConfigurationReference = EF1036F5DADD7E703A534CF5 /* Pods-ReverseAppTests.release.xcconfig */;
			buildSettings = {
				ALWAYS_EMBED_SWIFT_STANDARD_LIBRARIES = YES;
				BUNDLE_LOADER = "$(TEST_HOST)";
				CODE_SIGN_STYLE = Automatic;
				CURRENT_PROJECT_VERSION = 1;
				GENERATE_INFOPLIST_FILE = YES;
				IPHONEOS_DEPLOYMENT_TARGET = 16.4;
				MARKETING_VERSION = 1.0;
				PRODUCT_BUNDLE_IDENTIFIER = code.ReverseAppTests;
				PRODUCT_NAME = "$(TARGET_NAME)";
				SWIFT_EMIT_LOC_STRINGS = NO;
				SWIFT_VERSION = 5.0;
				TARGETED_DEVICE_FAMILY = "1,2";
				TEST_HOST = "$(BUILT_PRODUCTS_DIR)/ReverseApp.app/$(BUNDLE_EXECUTABLE_FOLDER_PATH)/ReverseApp";
			};
			name = Release;
		};
		13035C792A35B5FD003A98BC /* Debug */ = {
			isa = XCBuildConfiguration;
			baseConfigurationReference = A16267270EF17A546198B940 /* Pods-ReverseApp-ReverseAppUITests.debug.xcconfig */;
			buildSettings = {
				ALWAYS_EMBED_SWIFT_STANDARD_LIBRARIES = YES;
				CODE_SIGN_STYLE = Automatic;
				CURRENT_PROJECT_VERSION = 1;
				GENERATE_INFOPLIST_FILE = YES;
				MARKETING_VERSION = 1.0;
				PRODUCT_BUNDLE_IDENTIFIER = code.ReverseAppUITests;
				PRODUCT_NAME = "$(TARGET_NAME)";
				SWIFT_EMIT_LOC_STRINGS = NO;
				SWIFT_VERSION = 5.0;
				TARGETED_DEVICE_FAMILY = "1,2";
				TEST_TARGET_NAME = ReverseApp;
			};
			name = Debug;
		};
		13035C7A2A35B5FD003A98BC /* Release */ = {
			isa = XCBuildConfiguration;
			baseConfigurationReference = 46F89EC138BF898F9066854F /* Pods-ReverseApp-ReverseAppUITests.release.xcconfig */;
			buildSettings = {
				ALWAYS_EMBED_SWIFT_STANDARD_LIBRARIES = YES;
				CODE_SIGN_STYLE = Automatic;
				CURRENT_PROJECT_VERSION = 1;
				GENERATE_INFOPLIST_FILE = YES;
				MARKETING_VERSION = 1.0;
				PRODUCT_BUNDLE_IDENTIFIER = code.ReverseAppUITests;
				PRODUCT_NAME = "$(TARGET_NAME)";
				SWIFT_EMIT_LOC_STRINGS = NO;
				SWIFT_VERSION = 5.0;
				TARGETED_DEVICE_FAMILY = "1,2";
				TEST_TARGET_NAME = ReverseApp;
			};
			name = Release;
		};
/* End XCBuildConfiguration section */

/* Begin XCConfigurationList section */
		13035C402A35B5FC003A98BC /* Build configuration list for PBXProject "ReverseApp" */ = {
			isa = XCConfigurationList;
			buildConfigurations = (
				13035C702A35B5FD003A98BC /* Debug */,
				13035C712A35B5FD003A98BC /* Release */,
			);
			defaultConfigurationIsVisible = 0;
			defaultConfigurationName = Release;
		};
		13035C722A35B5FD003A98BC /* Build configuration list for PBXNativeTarget "ReverseApp" */ = {
			isa = XCConfigurationList;
			buildConfigurations = (
				13035C732A35B5FD003A98BC /* Debug */,
				13035C742A35B5FD003A98BC /* Release */,
			);
			defaultConfigurationIsVisible = 0;
			defaultConfigurationName = Release;
		};
		13035C752A35B5FD003A98BC /* Build configuration list for PBXNativeTarget "ReverseAppTests" */ = {
			isa = XCConfigurationList;
			buildConfigurations = (
				13035C762A35B5FD003A98BC /* Debug */,
				13035C772A35B5FD003A98BC /* Release */,
			);
			defaultConfigurationIsVisible = 0;
			defaultConfigurationName = Release;
		};
		13035C782A35B5FD003A98BC /* Build configuration list for PBXNativeTarget "ReverseAppUITests" */ = {
			isa = XCConfigurationList;
			buildConfigurations = (
				13035C792A35B5FD003A98BC /* Debug */,
				13035C7A2A35B5FD003A98BC /* Release */,
			);
			defaultConfigurationIsVisible = 0;
			defaultConfigurationName = Release;
		};
/* End XCConfigurationList section */

/* Begin XCVersionGroup section */
		13035C512A35B5FC003A98BC /* ReverseApp.xcdatamodeld */ = {
			isa = XCVersionGroup;
			children = (
				13035C522A35B5FC003A98BC /* ReverseApp.xcdatamodel */,
			);
			currentVersion = 13035C522A35B5FC003A98BC /* ReverseApp.xcdatamodel */;
			path = ReverseApp.xcdatamodeld;
			sourceTree = "<group>";
			versionGroupType = wrapper.xcdatamodel;
		};
/* End XCVersionGroup section */
	};
	rootObject = 13035C3D2A35B5FC003A98BC /* Project object */;
}
